{
    "_readme": [
        "This file locks the dependencies of your project to a known state",
        "Read more about it at https://getcomposer.org/doc/01-basic-usage.md#composer-lock-the-lock-file",
        "This file is @generated automatically"
    ],
    "hash": "5dff8eb21e0b77a3874d5e520a76a5ad",
    "content-hash": "25a3b2ff73aa8e4c20cd83f01de45370",
    "packages": [
        {
            "name": "compwright/codeigniter-installers",
            "version": "1.1.4",
            "source": {
                "type": "git",
                "url": "https://github.com/compwright/codeigniter-installers.git",
                "reference": "adbbd5ae2cbf5a24a39931235b1ac7dab56abb4f"
            },
            "dist": {
                "type": "zip",
                "url": "https://api.github.com/repos/compwright/codeigniter-installers/zipball/adbbd5ae2cbf5a24a39931235b1ac7dab56abb4f",
                "reference": "adbbd5ae2cbf5a24a39931235b1ac7dab56abb4f",
                "shasum": ""
            },
            "require-dev": {
                "composer/composer": "1.0.*@dev"
            },
            "type": "composer-installer",
            "extra": {
                "class": "Composer\\Installer\\CodeigniterInstaller"
            },
            "autoload": {
                "psr-0": {
                    "Composer\\Installer": "src/"
                }
            },
            "notification-url": "https://packagist.org/downloads/",
            "license": [
                "MIT"
            ],
            "authors": [
                {
                    "name": "Jonathon Hill",
                    "email": "jhill9693@gmail.com",
                    "homepage": "http://jonathonhill.net",
                    "role": "Developer"
                }
            ],
            "description": "Composer installers for CodeIgniter",
            "homepage": "https://github.com/compwright/codeigniter-installers",
            "keywords": [
                "MX",
                "codeigniter",
                "composer",
                "core",
                "hmvc",
                "installer",
                "library",
                "module",
                "spark",
                "sparks"
            ],
            "time": "2012-11-12 16:11:38"
        },
        {
            "name": "shlikhota/postgresdb-php",
            "version": "1.0.8",
            "source": {
                "type": "git",
                "url": "https://github.com/shlikhota/postgresdb-php.git",
                "reference": "d2cb3bc52c629be8e10096769fa66dc10ddd6e68"
            },
            "dist": {
                "type": "zip",
                "url": "https://api.github.com/repos/shlikhota/postgresdb-php/zipball/d2cb3bc52c629be8e10096769fa66dc10ddd6e68",
                "reference": "d2cb3bc52c629be8e10096769fa66dc10ddd6e68",
                "shasum": ""
            },
            "require": {
                "php": ">=5.4.0"
            },
            "require-dev": {
                "phpunit/phpunit": "4.5.*"
            },
            "type": "library",
            "extra": {
                "branch-alias": {
                    "dev-master": "1.0-dev"
                }
            },
            "autoload": {
                "psr-4": {
                    "PostgresDB\\": "src/PostgresDB/"
                }
            },
            "notification-url": "https://packagist.org/downloads/",
            "license": [
                "MIT"
            ],
            "authors": [
                {
                    "name": "Eugene Shlikhota",
                    "email": "shlikhota@gmail.com"
                }
            ],
            "description": "PostgreSQL database abstract layer over PDO extension",
            "keywords": [
                "database",
                "pdo",
                "postgresql",
                "psql"
            ],
            "time": "2016-02-07 13:33:07"
        }
    ],
    "packages-dev": [],
    "aliases": [],
    "minimum-stability": "stable",
    "stability-flags": [],
    "prefer-stable": false,
    "prefer-lowest": false,
    "platform": {
        "ext-memcached": "*"
    },
    "platform-dev": []
}
